{
  "name": "phoenix",
  "version": "1.0.0",
  "lockfileVersion": 2,
  "requires": true,
  "packages": {
    "": {
      "name": "phoenix",
      "version": "1.0.0",
      "license": "MIT",
      "dependencies": {
        "@types/lodash": "^4.14.164",
        "phoenix-typings": "mafredri/phoenix-typings",
        "typescript": "^4.0.5"
      }
    },
    "node_modules/@types/lodash": {
      "version": "4.14.164",
      "resolved": "https://registry.npmjs.org/@types/lodash/-/lodash-4.14.164.tgz",
      "integrity": "sha512-fXCEmONnrtbYUc5014avwBeMdhHHO8YJCkOBflUL9EoJBSKZ1dei+VO74fA7JkTHZ1GvZack2TyIw5U+1lT8jg==",
      "license": "MIT"
    },
    "node_modules/phoenix-typings": {
      "name": "@types/phoenix",
      "version": "3.0.0",
      "resolved": "git+ssh://git@github.com/mafredri/phoenix-typings.git#3121b498d95d7838e86fa65dacd1fc768ba161a2",
      "license": "MIT",
      "dependencies": {
        "utility-types": "^3.10.0"
      }
    },
    "node_modules/typescript": {
      "version": "4.0.5",
      "resolved": "https://registry.npmjs.org/typescript/-/typescript-4.0.5.tgz",
      "integrity": "sha512-ywmr/VrTVCmNTJ6iV2LwIrfG1P+lv6luD8sUJs+2eI9NLGigaN+nUQc13iHqisq7bra9lnmUSYqbJvegraBOPQ==",
      "license": "Apache-2.0",
      "bin": {
        "tsc": "bin/tsc",
        "tsserver": "bin/tsserver"
      },
      "engines": {
        "node": ">=4.2.0"
      }
    },
    "node_modules/utility-types": {
      "version": "3.10.0",
      "resolved": "https://registry.npmjs.org/utility-types/-/utility-types-3.10.0.tgz",
      "integrity": "sha512-O11mqxmi7wMKCo6HKFt5AhO4BwY3VV68YU07tgxfz8zJTIxr4BpsezN49Ffwy9j3ZpwwJp4fkRwjRzq3uWE6Rg==",
      "engines": {
        "node": ">= 4"
      }
    }
  },
  "dependencies": {
    "@types/lodash": {
      "version": "4.14.164",
      "resolved": "https://registry.npmjs.org/@types/lodash/-/lodash-4.14.164.tgz",
      "integrity": "sha512-fXCEmONnrtbYUc5014avwBeMdhHHO8YJCkOBflUL9EoJBSKZ1dei+VO74fA7JkTHZ1GvZack2TyIw5U+1lT8jg=="
    },
    "phoenix-typings": {
      "version": "git+ssh://git@github.com/mafredri/phoenix-typings.git#3121b498d95d7838e86fa65dacd1fc768ba161a2",
      "from": "phoenix-typings@mafredri/phoenix-typings",
      "requires": {
        "utility-types": "^3.10.0"
      }
    },
    "typescript": {
      "version": "4.0.5",
      "resolved": "https://registry.npmjs.org/typescript/-/typescript-4.0.5.tgz",
      "integrity": "sha512-ywmr/VrTVCmNTJ6iV2LwIrfG1P+lv6luD8sUJs+2eI9NLGigaN+nUQc13iHqisq7bra9lnmUSYqbJvegraBOPQ=="
    },
    "utility-types": {
      "version": "3.10.0",
      "resolved": "https://registry.npmjs.org/utility-types/-/utility-types-3.10.0.tgz",
      "integrity": "sha512-O11mqxmi7wMKCo6HKFt5AhO4BwY3VV68YU07tgxfz8zJTIxr4BpsezN49Ffwy9j3ZpwwJp4fkRwjRzq3uWE6Rg=="
    }
  }
}
